
Microsoft Visual Studio Solution File, Format Version 12.00
# Visual Studio 15
VisualStudioVersion = 15.0.27130.2010
MinimumVisualStudioVersion = 10.0.40219.1
Project("{FAE04EC0-301F-11D3-BF4B-00C04F79EFBC}") = "Altero", "Altero\Altero.csproj", "{ED5C7314-1EBD-4E57-951A-6262FDA93EB1}"
EndProject
Global
	GlobalSection(SolutionConfigurationPlatforms) = preSolution
		Debug|Any CPU = Debug|Any CPU
		Release|Any CPU = Release|Any CPU
	EndGlobalSection
	GlobalSection(ProjectConfigurationPlatforms) = postSolution
		{ED5C7314-1EBD-4E57-951A-6262FDA93EB1}.Debug|Any CPU.ActiveCfg = Debug|Any CPU
		{ED5C7314-1EBD-4E57-951A-6262FDA93EB1}.Debug|Any CPU.Build.0 = Debug|Any CPU
		{ED5C7314-1EBD-4E57-951A-6262FDA93EB1}.Release|Any CPU.ActiveCfg = Release|Any CPU
		{ED5C7314-1EBD-4E57-951A-6262FDA93EB1}.Release|Any CPU.Build.0 = Release|Any CPU
	EndGlobalSection
	GlobalSection(SolutionProperties) = preSolution
		HideSolutionNode = FALSE
	EndGlobalSection
	GlobalSection(ExtensibilityGlobals) = postSolution
		SolutionGuid = {410BFB7D-D865-41AE-922E-0AAE9C59A53C}
	EndGlobalSection
EndGlobal
